{
  "name": "supaflare-backend",
  "lockfileVersion": 3,
  "requires": true,
  "packages": {
    "": {
      "name": "supaflare-backend",
      "dependencies": {
        "hono": "^4.11.9"
      },
      "devDependencies": {
        "@cloudflare/workers-types": "^4.20260210.0"
      }
    },
    "node_modules/@cloudflare/workers-types": {
      "version": "4.20260430.1",
      "resolved": "https://registry.npmjs.org/@cloudflare/workers-types/-/workers-types-4.20260430.1.tgz",
      "integrity": "sha512-Rguf/SdQNm1HG2yZi8m57K4qvVh2fic+Xny4UidY1pCgHagOAq7Cy0WIp1JKQx54T8lgOgOWFzIaCK4iwLpxlg==",
      "dev": true,
      "license": "MIT OR Apache-2.0"
    },
    "node_modules/hono": {
      "version": "4.12.16",
      "resolved": "https://registry.npmjs.org/hono/-/hono-4.12.16.tgz",
      "integrity": "sha512-jN0ZewiNAWSe5khM3EyCmBb250+b40wWbwNILNfEvq84VREWwOIkuUsFONk/3i3nqkz7Oe1PcpM2mwQEK2L9Kg==",
      "license": "MIT",
      "engines": {
        "node": ">=16.9.0"
      }
    }
  }
}
